
Microsoft Visual Studio Solution File, Format Version 12.00
# Visual Studio Version 17
VisualStudioVersion = 17.9.34728.123
MinimumVisualStudioVersion = 10.0.40219.1
Project("{FAE04EC0-301F-11D3-BF4B-00C04F79EFBC}") = "Multi#Level#Inheritance", "Multi#Level#Inheritance.csproj", "{59B01700-4923-462F-8983-2FF8B4D44757}"
EndProject
Global
	GlobalSection(SolutionConfigurationPlatforms) = preSolution
		Debug|Any CPU = Debug|Any CPU
		Release|Any CPU = Release|Any CPU
	EndGlobalSection
	GlobalSection(ProjectConfigurationPlatforms) = postSolution
		{59B01700-4923-462F-8983-2FF8B4D44757}.Debug|Any CPU.ActiveCfg = Debug|Any CPU
		{59B01700-4923-462F-8983-2FF8B4D44757}.Debug|Any CPU.Build.0 = Debug|Any CPU
		{59B01700-4923-462F-8983-2FF8B4D44757}.Release|Any CPU.ActiveCfg = Release|Any CPU
		{59B01700-4923-462F-8983-2FF8B4D44757}.Release|Any CPU.Build.0 = Release|Any CPU
	EndGlobalSection
	GlobalSection(SolutionProperties) = preSolution
		HideSolutionNode = FALSE
	EndGlobalSection
	GlobalSection(ExtensibilityGlobals) = postSolution
		SolutionGuid = {4C73308D-E128-437B-B98B-46F92F69C6CA}
	EndGlobalSection
EndGlobal
