
Microsoft Visual Studio Solution File, Format Version 12.00
# Visual Studio Version 17
VisualStudioVersion = 17.9.34728.123
MinimumVisualStudioVersion = 10.0.40219.1
Project("{FAE04EC0-301F-11D3-BF4B-00C04F79EFBC}") = "TestMyFirstClassLibraryProject", "TestMyFirstClassLibraryProject.csproj", "{876FD40E-CDC8-4BA2-9542-F03339494CF7}"
EndProject
Project("{FAE04EC0-301F-11D3-BF4B-00C04F79EFBC}") = "MyFirstClassLibrary", "..\MyFirstClassLibrary\MyFirstClassLibrary.csproj", "{F7F22C55-3DF1-47EB-A1AF-FE1922E7A35E}"
EndProject
Global
	GlobalSection(SolutionConfigurationPlatforms) = preSolution
		Debug|Any CPU = Debug|Any CPU
		Release|Any CPU = Release|Any CPU
	EndGlobalSection
	GlobalSection(ProjectConfigurationPlatforms) = postSolution
		{876FD40E-CDC8-4BA2-9542-F03339494CF7}.Debug|Any CPU.ActiveCfg = Debug|Any CPU
		{876FD40E-CDC8-4BA2-9542-F03339494CF7}.Debug|Any CPU.Build.0 = Debug|Any CPU
		{876FD40E-CDC8-4BA2-9542-F03339494CF7}.Release|Any CPU.ActiveCfg = Release|Any CPU
		{876FD40E-CDC8-4BA2-9542-F03339494CF7}.Release|Any CPU.Build.0 = Release|Any CPU
		{F7F22C55-3DF1-47EB-A1AF-FE1922E7A35E}.Debug|Any CPU.ActiveCfg = Debug|Any CPU
		{F7F22C55-3DF1-47EB-A1AF-FE1922E7A35E}.Debug|Any CPU.Build.0 = Debug|Any CPU
		{F7F22C55-3DF1-47EB-A1AF-FE1922E7A35E}.Release|Any CPU.ActiveCfg = Release|Any CPU
		{F7F22C55-3DF1-47EB-A1AF-FE1922E7A35E}.Release|Any CPU.Build.0 = Release|Any CPU
	EndGlobalSection
	GlobalSection(SolutionProperties) = preSolution
		HideSolutionNode = FALSE
	EndGlobalSection
	GlobalSection(ExtensibilityGlobals) = postSolution
		SolutionGuid = {B7F95627-20D7-41F4-A357-B3981AAB2BB9}
	EndGlobalSection
EndGlobal
